
Microsoft Visual Studio Solution File, Format Version 12.00
# Visual Studio Version 17
VisualStudioVersion = 17.9.34607.119
MinimumVisualStudioVersion = 10.0.40219.1
Project("{FAE04EC0-301F-11D3-BF4B-00C04F79EFBC}") = "Laboratorio 2 PA", "Laboratorio 2 PA\Laboratorio 2 PA.csproj", "{4468D4B4-054A-4364-960D-E292F0436B97}"
EndProject
Global
	GlobalSection(SolutionConfigurationPlatforms) = preSolution
		Debug|Any CPU = Debug|Any CPU
		Release|Any CPU = Release|Any CPU
	EndGlobalSection
	GlobalSection(ProjectConfigurationPlatforms) = postSolution
		{4468D4B4-054A-4364-960D-E292F0436B97}.Debug|Any CPU.ActiveCfg = Debug|Any CPU
		{4468D4B4-054A-4364-960D-E292F0436B97}.Debug|Any CPU.Build.0 = Debug|Any CPU
		{4468D4B4-054A-4364-960D-E292F0436B97}.Release|Any CPU.ActiveCfg = Release|Any CPU
		{4468D4B4-054A-4364-960D-E292F0436B97}.Release|Any CPU.Build.0 = Release|Any CPU
	EndGlobalSection
	GlobalSection(SolutionProperties) = preSolution
		HideSolutionNode = FALSE
	EndGlobalSection
	GlobalSection(ExtensibilityGlobals) = postSolution
		SolutionGuid = {BE64BC9A-9E2B-43AC-BB0A-16CF49820264}
	EndGlobalSection
EndGlobal
